
Microsoft Visual Studio Solution File, Format Version 12.00
# Visual Studio Version 18
VisualStudioVersion = 18.6.11806.211
MinimumVisualStudioVersion = 10.0.40219.1
Project("{FAE04EC0-301F-11D3-BF4B-00C04F79EFBC}") = "SmartBiz-360", "SmartBiz-360.csproj", "{79934737-A732-001A-8F4A-E60797D0BA19}"
EndProject
Global
	GlobalSection(SolutionConfigurationPlatforms) = preSolution
		Debug|Any CPU = Debug|Any CPU
		Release|Any CPU = Release|Any CPU
	EndGlobalSection
	GlobalSection(ProjectConfigurationPlatforms) = postSolution
		{79934737-A732-001A-8F4A-E60797D0BA19}.Debug|Any CPU.ActiveCfg = Debug|Any CPU
		{79934737-A732-001A-8F4A-E60797D0BA19}.Debug|Any CPU.Build.0 = Debug|Any CPU
		{79934737-A732-001A-8F4A-E60797D0BA19}.Release|Any CPU.ActiveCfg = Release|Any CPU
		{79934737-A732-001A-8F4A-E60797D0BA19}.Release|Any CPU.Build.0 = Release|Any CPU
	EndGlobalSection
	GlobalSection(SolutionProperties) = preSolution
		HideSolutionNode = FALSE
	EndGlobalSection
	GlobalSection(ExtensibilityGlobals) = postSolution
		SolutionGuid = {1CD8635B-7F16-4A68-BFB5-90C39EFF80E5}
	EndGlobalSection
EndGlobal
